// !$*UTF8*$!
{
	archiveVersion = 1;
	classes = {
	};
	objectVersion = 50;
	objects = {

/* Begin PBXBuildFile section */
		5830857423BD3E62007E13F9 /* Splash.png in Resources */ = {isa = PBXBuildFile; fileRef = 5830857323BD3E62007E13F9 /* Splash.png */; };
		5853C35B2381AD3F004DBA7A /* ListHandler.swift in Sources */ = {isa = PBXBuildFile; fileRef = 5853C35A2381AD3F004DBA7A /* ListHandler.swift */; };
		5853C3632381AE5D004DBA7A /* NotificationCenter.framework in Frameworks */ = {isa = PBXBuildFile; fileRef = 5853C3622381AE5D004DBA7A /* NotificationCenter.framework */; };
		5853C3662381AE5D004DBA7A /* TodayViewController.swift in Sources */ = {isa = PBXBuildFile; fileRef = 5853C3652381AE5D004DBA7A /* TodayViewController.swift */; };
		5853C3692381AE5D004DBA7A /* MainInterface.storyboard in Resources */ = {isa = PBXBuildFile; fileRef = 5853C3672381AE5D004DBA7A /* MainInterface.storyboard */; };
		585E0F1A2380D53D00615080 /* RecipeVC.swift in Sources */ = {isa = PBXBuildFile; fileRef = 585E0F192380D53D00615080 /* RecipeVC.swift */; };
		585E0F1C2380D5B100615080 /* RecipeTV.swift in Sources */ = {isa = PBXBuildFile; fileRef = 585E0F1B2380D5B100615080 /* RecipeTV.swift */; };
		5860B95323B6F1910017C1E6 /* Tries.swift in Sources */ = {isa = PBXBuildFile; fileRef = 5860B95223B6F1910017C1E6 /* Tries.swift */; };
		5871211D238067B800DC56E4 /* AddVCImageHandler.swift in Sources */ = {isa = PBXBuildFile; fileRef = 5871211C238067B800DC56E4 /* AddVCImageHandler.swift */; };
		58773ACB2384D4D6009718BC /* DeleteHandler.swift in Sources */ = {isa = PBXBuildFile; fileRef = 58773ACA2384D4D6009718BC /* DeleteHandler.swift */; };
		587DC6F9237F98AF0074891E /* AppDelegate.swift in Sources */ = {isa = PBXBuildFile; fileRef = 587DC6F8237F98AF0074891E /* AppDelegate.swift */; };
		587DC700237F98AF0074891E /* Main.storyboard in Resources */ = {isa = PBXBuildFile; fileRef = 587DC6FE237F98AF0074891E /* Main.storyboard */; };
		587DC705237F98B00074891E /* Assets.xcassets in Resources */ = {isa = PBXBuildFile; fileRef = 587DC704237F98B00074891E /* Assets.xcassets */; };
		587DC708237F98B00074891E /* LaunchScreen.storyboard in Resources */ = {isa = PBXBuildFile; fileRef = 587DC706237F98B00074891E /* LaunchScreen.storyboard */; };
		5881413F23B828D200B515D0 /* RecipeCollectionView.swift in Sources */ = {isa = PBXBuildFile; fileRef = 5881413E23B828D200B515D0 /* RecipeCollectionView.swift */; };
		5881414123B82C9800B515D0 /* PinterestLayout.swift in Sources */ = {isa = PBXBuildFile; fileRef = 5881414023B82C9800B515D0 /* PinterestLayout.swift */; };
		5881B7B923BD0FA900023E07 /* LabelWCircleSNib.swift in Sources */ = {isa = PBXBuildFile; fileRef = 5881B7B723BD0FA900023E07 /* LabelWCircleSNib.swift */; };
		5881B7BA23BD0FA900023E07 /* LabelWCircleSNib.xib in Resources */ = {isa = PBXBuildFile; fileRef = 5881B7B823BD0FA900023E07 /* LabelWCircleSNib.xib */; };
		5881B7BD23BD10E300023E07 /* LabelNib.xib in Resources */ = {isa = PBXBuildFile; fileRef = 5881B7BB23BD10E300023E07 /* LabelNib.xib */; };
		5881B7BE23BD10E300023E07 /* LabelNib.swift in Sources */ = {isa = PBXBuildFile; fileRef = 5881B7BC23BD10E300023E07 /* LabelNib.swift */; };
		5881B7C023BD28A200023E07 /* CustomDraw.swift in Sources */ = {isa = PBXBuildFile; fileRef = 5881B7BF23BD28A200023E07 /* CustomDraw.swift */; };
		588230822380756400B0B566 /* AddName.swift in Sources */ = {isa = PBXBuildFile; fileRef = 588230812380756400B0B566 /* AddName.swift */; };
		588230842380782D00B0B566 /* LoadHandler.swift in Sources */ = {isa = PBXBuildFile; fileRef = 588230832380782D00B0B566 /* LoadHandler.swift */; };
		588230862380846D00B0B566 /* AddIngredients.swift in Sources */ = {isa = PBXBuildFile; fileRef = 588230852380846D00B0B566 /* AddIngredients.swift */; };
		588230882380847600B0B566 /* AddDirections.swift in Sources */ = {isa = PBXBuildFile; fileRef = 588230872380847600B0B566 /* AddDirections.swift */; };
		58863CE523825A1E005A7EC8 /* ThemeCV.swift in Sources */ = {isa = PBXBuildFile; fileRef = 58863CE323825A1E005A7EC8 /* ThemeCV.swift */; };
		58863CE623825A1E005A7EC8 /* ThemeCVC.swift in Sources */ = {isa = PBXBuildFile; fileRef = 58863CE423825A1E005A7EC8 /* ThemeCVC.swift */; };
		58863CE92382618C005A7EC8 /* SettingsTV.swift in Sources */ = {isa = PBXBuildFile; fileRef = 58863CE82382618C005A7EC8 /* SettingsTV.swift */; };
		58863CEB23826892005A7EC8 /* LanguageTV.swift in Sources */ = {isa = PBXBuildFile; fileRef = 58863CEA23826892005A7EC8 /* LanguageTV.swift */; };
		588B029F23846DC20091E427 /* PrivacyVC.swift in Sources */ = {isa = PBXBuildFile; fileRef = 588B029E23846DC20091E427 /* PrivacyVC.swift */; };
		588B02A5238478920091E427 /* BackUpH.swift in Sources */ = {isa = PBXBuildFile; fileRef = 588B02A4238478920091E427 /* BackUpH.swift */; };
		588B02A7238483EC0091E427 /* RecipesHandler.swift in Sources */ = {isa = PBXBuildFile; fileRef = 588B02A6238483EC0091E427 /* RecipesHandler.swift */; };
		5897613F2386340B00F4C326 /* SceneDelegate.swift in Sources */ = {isa = PBXBuildFile; fileRef = 5897613E2386340B00F4C326 /* SceneDelegate.swift */; };
		589B9D65237F996E00410A91 /* Model.swift in Sources */ = {isa = PBXBuildFile; fileRef = 589B9D63237F996E00410A91 /* Model.swift */; };
		589B9D66237F996E00410A91 /* Extensions.swift in Sources */ = {isa = PBXBuildFile; fileRef = 589B9D64237F996E00410A91 /* Extensions.swift */; };
		589B9D68237F998500410A91 /* Theme.xcassets in Resources */ = {isa = PBXBuildFile; fileRef = 589B9D67237F998500410A91 /* Theme.xcassets */; };
		589B9D6D237F999000410A91 /* HomeVC.swift in Sources */ = {isa = PBXBuildFile; fileRef = 589B9D6A237F999000410A91 /* HomeVC.swift */; };
		589B9D6E237F999000410A91 /* HomeTV.swift in Sources */ = {isa = PBXBuildFile; fileRef = 589B9D6B237F999000410A91 /* HomeTV.swift */; };
		589B9D75237F9B2000410A91 /* NetworkReachability.swift in Sources */ = {isa = PBXBuildFile; fileRef = 589B9D72237F9B2000410A91 /* NetworkReachability.swift */; };
		589B9D76237F9B2000410A91 /* CustomSwitch.swift in Sources */ = {isa = PBXBuildFile; fileRef = 589B9D73237F9B2000410A91 /* CustomSwitch.swift */; };
		589B9D77237F9B2000410A91 /* CustomUITextField.swift in Sources */ = {isa = PBXBuildFile; fileRef = 589B9D74237F9B2000410A91 /* CustomUITextField.swift */; };
		589B9D7B237F9BA400410A91 /* CustomThumbView.swift in Sources */ = {isa = PBXBuildFile; fileRef = 589B9D7A237F9BA400410A91 /* CustomThumbView.swift */; };
		589B9D7D237F9BB200410A91 /* MessageAnimation.swift in Sources */ = {isa = PBXBuildFile; fileRef = 589B9D7C237F9BB200410A91 /* MessageAnimation.swift */; };
		589B9D80237F9E9B00410A91 /* SaveHandler.swift in Sources */ = {isa = PBXBuildFile; fileRef = 589B9D7F237F9E9B00410A91 /* SaveHandler.swift */; };
		589B9D86237FB8CD00410A91 /* RecipesVC.swift in Sources */ = {isa = PBXBuildFile; fileRef = 589B9D85237FB8CD00410A91 /* RecipesVC.swift */; };
		589B9D88237FB95100410A91 /* RecipeCV.swift in Sources */ = {isa = PBXBuildFile; fileRef = 589B9D87237FB95100410A91 /* RecipeCV.swift */; };
		589B9D92237FC20800410A91 /* AddVC.swift in Sources */ = {isa = PBXBuildFile; fileRef = 589B9D91237FC20800410A91 /* AddVC.swift */; };
		589B9D94237FC29E00410A91 /* AddTV.swift in Sources */ = {isa = PBXBuildFile; fileRef = 589B9D93237FC29E00410A91 /* AddTV.swift */; };
		589B9D96237FC2A900410A91 /* AddCV.swift in Sources */ = {isa = PBXBuildFile; fileRef = 589B9D95237FC2A900410A91 /* AddCV.swift */; };
		589D513E23B7F1CF004A3D11 /* LabelsNib.swift in Sources */ = {isa = PBXBuildFile; fileRef = 589D513C23B7F1CF004A3D11 /* LabelsNib.swift */; };
		589D513F23B7F1CF004A3D11 /* LabelsNib.xib in Resources */ = {isa = PBXBuildFile; fileRef = 589D513D23B7F1CF004A3D11 /* LabelsNib.xib */; };
		58A001AC2385B11300662EB7 /* RecipeNova.xcdatamodeld in Sources */ = {isa = PBXBuildFile; fileRef = 58A001AA2385B11300662EB7 /* RecipeNova.xcdatamodeld */; };
		58A141E623B972F500633043 /* OptionsVC.swift in Sources */ = {isa = PBXBuildFile; fileRef = 58A141E523B972F500633043 /* OptionsVC.swift */; };
		58A141E923B9731000633043 /* OptionsNib.swift in Sources */ = {isa = PBXBuildFile; fileRef = 58A141E723B9731000633043 /* OptionsNib.swift */; };
		58A141EA23B9731000633043 /* OptionsNib.xib in Resources */ = {isa = PBXBuildFile; fileRef = 58A141E823B9731000633043 /* OptionsNib.xib */; };
		58A2D9F22380E82F0017109D /* ImageHandler.swift in Sources */ = {isa = PBXBuildFile; fileRef = 58A2D9F12380E82F0017109D /* ImageHandler.swift */; };
		58AAEEB623B692D8004B4D25 /* AVLTree.swift in Sources */ = {isa = PBXBuildFile; fileRef = 58AAEEB523B692D8004B4D25 /* AVLTree.swift */; };
		58AAEEB823B6A00E004B4D25 /* MenuCVC.swift in Sources */ = {isa = PBXBuildFile; fileRef = 58AAEEB723B6A00E004B4D25 /* MenuCVC.swift */; };
		58BB39582381879B00167311 /* CartVC.swift in Sources */ = {isa = PBXBuildFile; fileRef = 58BB39572381879B00167311 /* CartVC.swift */; };
		58BB395A2381899700167311 /* SaveLoadListHandler.swift in Sources */ = {isa = PBXBuildFile; fileRef = 58BB39592381899700167311 /* SaveLoadListHandler.swift */; };
		58BB395C23818E6400167311 /* CartTV.swift in Sources */ = {isa = PBXBuildFile; fileRef = 58BB395B23818E6400167311 /* CartTV.swift */; };
		58BB396A2381978600167311 /* ListTV.swift in Sources */ = {isa = PBXBuildFile; fileRef = 58BB39692381978600167311 /* ListTV.swift */; };
		58BB396F2381A2F800167311 /* TextFieldNib.swift in Sources */ = {isa = PBXBuildFile; fileRef = 58BB396D2381A2F800167311 /* TextFieldNib.swift */; };
		58BB39702381A2F800167311 /* TextFieldNib.xib in Resources */ = {isa = PBXBuildFile; fileRef = 58BB396E2381A2F800167311 /* TextFieldNib.xib */; };
		58CBE0B82380DB6100191FF3 /* RecipeHandler.swift in Sources */ = {isa = PBXBuildFile; fileRef = 58CBE0B72380DB6100191FF3 /* RecipeHandler.swift */; };
		58D8473223835863001640A3 /* Default-568h@2x.png in Resources */ = {isa = PBXBuildFile; fileRef = 58D8473123835863001640A3 /* Default-568h@2x.png */; };
		58D9D901238110C800D394E9 /* SearchTV.swift in Sources */ = {isa = PBXBuildFile; fileRef = 58D9D900238110C800D394E9 /* SearchTV.swift */; };
/* End PBXBuildFile section */

/* Begin PBXCopyFilesBuildPhase section */
		58FBC1FD26F68CBD009C0AB5 /* Embed Frameworks */ = {
			isa = PBXCopyFilesBuildPhase;
			buildActionMask = 2147483647;
			dstPath = "";
			dstSubfolderSpec = 10;
			files = (
			);
			name = "Embed Frameworks";
			runOnlyForDeploymentPostprocessing = 0;
		};
/* End PBXCopyFilesBuildPhase section */

/* Begin PBXFileReference section */
		2DFFEE77FFF48576C9CC29A9 /* Pods-Recipe.release.xcconfig */ = {isa = PBXFileReference; includeInIndex = 1; lastKnownFileType = text.xcconfig; name = "Pods-Recipe.release.xcconfig"; path = "Target Support Files/Pods-Recipe/Pods-Recipe.release.xcconfig"; sourceTree = "<group>"; };
		5830857323BD3E62007E13F9 /* Splash.png */ = {isa = PBXFileReference; lastKnownFileType = image.png; path = Splash.png; sourceTree = "<group>"; };
		5853C35A2381AD3F004DBA7A /* ListHandler.swift */ = {isa = PBXFileReference; lastKnownFileType = sourcecode.swift; path = ListHandler.swift; sourceTree = "<group>"; };
		5853C3602381AE5D004DBA7A /* سبد خرید.appex */ = {isa = PBXFileReference; explicitFileType = "wrapper.app-extension"; includeInIndex = 0; path = "سبد خرید.appex"; sourceTree = BUILT_PRODUCTS_DIR; };
		5853C3622381AE5D004DBA7A /* NotificationCenter.framework */ = {isa = PBXFileReference; lastKnownFileType = wrapper.framework; name = NotificationCenter.framework; path = System/Library/Frameworks/NotificationCenter.framework; sourceTree = SDKROOT; };
		5853C3652381AE5D004DBA7A /* TodayViewController.swift */ = {isa = PBXFileReference; lastKnownFileType = sourcecode.swift; path = TodayViewController.swift; sourceTree = "<group>"; };
		5853C3682381AE5D004DBA7A /* Base */ = {isa = PBXFileReference; lastKnownFileType = file.storyboard; name = Base; path = Base.lproj/MainInterface.storyboard; sourceTree = "<group>"; };
		5853C36A2381AE5D004DBA7A /* Info.plist */ = {isa = PBXFileReference; lastKnownFileType = text.plist.xml; path = Info.plist; sourceTree = "<group>"; };
		585E0F192380D53D00615080 /* RecipeVC.swift */ = {isa = PBXFileReference; lastKnownFileType = sourcecode.swift; path = RecipeVC.swift; sourceTree = "<group>"; };
		585E0F1B2380D5B100615080 /* RecipeTV.swift */ = {isa = PBXFileReference; lastKnownFileType = sourcecode.swift; path = RecipeTV.swift; sourceTree = "<group>"; };
		5860B95223B6F1910017C1E6 /* Tries.swift */ = {isa = PBXFileReference; lastKnownFileType = sourcecode.swift; path = Tries.swift; sourceTree = "<group>"; };
		5871211C238067B800DC56E4 /* AddVCImageHandler.swift */ = {isa = PBXFileReference; lastKnownFileType = sourcecode.swift; path = AddVCImageHandler.swift; sourceTree = "<group>"; };
		58773ACA2384D4D6009718BC /* DeleteHandler.swift */ = {isa = PBXFileReference; lastKnownFileType = sourcecode.swift; path = DeleteHandler.swift; sourceTree = "<group>"; };
		587DC6F5237F98AF0074891E /* دستور آشپزی.app */ = {isa = PBXFileReference; explicitFileType = wrapper.application; includeInIndex = 0; path = "دستور آشپزی.app"; sourceTree = BUILT_PRODUCTS_DIR; };
		587DC6F8237F98AF0074891E /* AppDelegate.swift */ = {isa = PBXFileReference; lastKnownFileType = sourcecode.swift; path = AppDelegate.swift; sourceTree = "<group>"; };
		587DC6FF237F98AF0074891E /* Base */ = {isa = PBXFileReference; lastKnownFileType = file.storyboard; name = Base; path = Base.lproj/Main.storyboard; sourceTree = "<group>"; };
		587DC704237F98B00074891E /* Assets.xcassets */ = {isa = PBXFileReference; lastKnownFileType = folder.assetcatalog; path = Assets.xcassets; sourceTree = "<group>"; };
		587DC707237F98B00074891E /* Base */ = {isa = PBXFileReference; lastKnownFileType = file.storyboard; name = Base; path = Base.lproj/LaunchScreen.storyboard; sourceTree = "<group>"; };
		587DC709237F98B00074891E /* Info.plist */ = {isa = PBXFileReference; lastKnownFileType = text.plist.xml; path = Info.plist; sourceTree = "<group>"; };
		5881413E23B828D200B515D0 /* RecipeCollectionView.swift */ = {isa = PBXFileReference; lastKnownFileType = sourcecode.swift; path = RecipeCollectionView.swift; sourceTree = "<group>"; };
		5881414023B82C9800B515D0 /* PinterestLayout.swift */ = {isa = PBXFileReference; fileEncoding = 4; lastKnownFileType = sourcecode.swift; path = PinterestLayout.swift; sourceTree = "<group>"; };
		5881B7B723BD0FA900023E07 /* LabelWCircleSNib.swift */ = {isa = PBXFileReference; fileEncoding = 4; lastKnownFileType = sourcecode.swift; path = LabelWCircleSNib.swift; sourceTree = "<group>"; };
		5881B7B823BD0FA900023E07 /* LabelWCircleSNib.xib */ = {isa = PBXFileReference; fileEncoding = 4; lastKnownFileType = file.xib; path = LabelWCircleSNib.xib; sourceTree = "<group>"; };
		5881B7BB23BD10E300023E07 /* LabelNib.xib */ = {isa = PBXFileReference; fileEncoding = 4; lastKnownFileType = file.xib; path = LabelNib.xib; sourceTree = "<group>"; };
		5881B7BC23BD10E300023E07 /* LabelNib.swift */ = {isa = PBXFileReference; fileEncoding = 4; lastKnownFileType = sourcecode.swift; path = LabelNib.swift; sourceTree = "<group>"; };
		5881B7BF23BD28A200023E07 /* CustomDraw.swift */ = {isa = PBXFileReference; lastKnownFileType = sourcecode.swift; path = CustomDraw.swift; sourceTree = "<group>"; };
		588230812380756400B0B566 /* AddName.swift */ = {isa = PBXFileReference; lastKnownFileType = sourcecode.swift; path = AddName.swift; sourceTree = "<group>"; };
		588230832380782D00B0B566 /* LoadHandler.swift */ = {isa = PBXFileReference; lastKnownFileType = sourcecode.swift; path = LoadHandler.swift; sourceTree = "<group>"; };
		588230852380846D00B0B566 /* AddIngredients.swift */ = {isa = PBXFileReference; lastKnownFileType = sourcecode.swift; path = AddIngredients.swift; sourceTree = "<group>"; };
		588230872380847600B0B566 /* AddDirections.swift */ = {isa = PBXFileReference; lastKnownFileType = sourcecode.swift; path = AddDirections.swift; sourceTree = "<group>"; };
		58863CE323825A1E005A7EC8 /* ThemeCV.swift */ = {isa = PBXFileReference; fileEncoding = 4; lastKnownFileType = sourcecode.swift; path = ThemeCV.swift; sourceTree = "<group>"; };
		58863CE423825A1E005A7EC8 /* ThemeCVC.swift */ = {isa = PBXFileReference; fileEncoding = 4; lastKnownFileType = sourcecode.swift; path = ThemeCVC.swift; sourceTree = "<group>"; };
		58863CE82382618C005A7EC8 /* SettingsTV.swift */ = {isa = PBXFileReference; lastKnownFileType = sourcecode.swift; path = SettingsTV.swift; sourceTree = "<group>"; };
		58863CEA23826892005A7EC8 /* LanguageTV.swift */ = {isa = PBXFileReference; lastKnownFileType = sourcecode.swift; path = LanguageTV.swift; sourceTree = "<group>"; };
		588B029E23846DC20091E427 /* PrivacyVC.swift */ = {isa = PBXFileReference; fileEncoding = 4; lastKnownFileType = sourcecode.swift; path = PrivacyVC.swift; sourceTree = "<group>"; };
		588B02A4238478920091E427 /* BackUpH.swift */ = {isa = PBXFileReference; fileEncoding = 4; lastKnownFileType = sourcecode.swift; path = BackUpH.swift; sourceTree = "<group>"; };
		588B02A6238483EC0091E427 /* RecipesHandler.swift */ = {isa = PBXFileReference; lastKnownFileType = sourcecode.swift; path = RecipesHandler.swift; sourceTree = "<group>"; };
		5897613E2386340B00F4C326 /* SceneDelegate.swift */ = {isa = PBXFileReference; fileEncoding = 4; lastKnownFileType = sourcecode.swift; path = SceneDelegate.swift; sourceTree = "<group>"; };
		589B9D63237F996E00410A91 /* Model.swift */ = {isa = PBXFileReference; fileEncoding = 4; lastKnownFileType = sourcecode.swift; path = Model.swift; sourceTree = "<group>"; };
		589B9D64237F996E00410A91 /* Extensions.swift */ = {isa = PBXFileReference; fileEncoding = 4; lastKnownFileType = sourcecode.swift; path = Extensions.swift; sourceTree = "<group>"; };
		589B9D67237F998500410A91 /* Theme.xcassets */ = {isa = PBXFileReference; lastKnownFileType = folder.assetcatalog; path = Theme.xcassets; sourceTree = "<group>"; };
		589B9D6A237F999000410A91 /* HomeVC.swift */ = {isa = PBXFileReference; fileEncoding = 4; lastKnownFileType = sourcecode.swift; path = HomeVC.swift; sourceTree = "<group>"; };
		589B9D6B237F999000410A91 /* HomeTV.swift */ = {isa = PBXFileReference; fileEncoding = 4; lastKnownFileType = sourcecode.swift; path = HomeTV.swift; sourceTree = "<group>"; };
		589B9D72237F9B2000410A91 /* NetworkReachability.swift */ = {isa = PBXFileReference; fileEncoding = 4; lastKnownFileType = sourcecode.swift; path = NetworkReachability.swift; sourceTree = "<group>"; };
		589B9D73237F9B2000410A91 /* CustomSwitch.swift */ = {isa = PBXFileReference; fileEncoding = 4; lastKnownFileType = sourcecode.swift; path = CustomSwitch.swift; sourceTree = "<group>"; };
		589B9D74237F9B2000410A91 /* CustomUITextField.swift */ = {isa = PBXFileReference; fileEncoding = 4; lastKnownFileType = sourcecode.swift; path = CustomUITextField.swift; sourceTree = "<group>"; };
		589B9D7A237F9BA400410A91 /* CustomThumbView.swift */ = {isa = PBXFileReference; fileEncoding = 4; lastKnownFileType = sourcecode.swift; path = CustomThumbView.swift; sourceTree = "<group>"; };
		589B9D7C237F9BB200410A91 /* MessageAnimation.swift */ = {isa = PBXFileReference; fileEncoding = 4; lastKnownFileType = sourcecode.swift; path = MessageAnimation.swift; sourceTree = "<group>"; };
		589B9D7F237F9E9B00410A91 /* SaveHandler.swift */ = {isa = PBXFileReference; fileEncoding = 4; lastKnownFileType = sourcecode.swift; path = SaveHandler.swift; sourceTree = "<group>"; };
		589B9D85237FB8CD00410A91 /* RecipesVC.swift */ = {isa = PBXFileReference; lastKnownFileType = sourcecode.swift; path = RecipesVC.swift; sourceTree = "<group>"; };
		589B9D87237FB95100410A91 /* RecipeCV.swift */ = {isa = PBXFileReference; lastKnownFileType = sourcecode.swift; path = RecipeCV.swift; sourceTree = "<group>"; };
		589B9D91237FC20800410A91 /* AddVC.swift */ = {isa = PBXFileReference; lastKnownFileType = sourcecode.swift; path = AddVC.swift; sourceTree = "<group>"; };
		589B9D93237FC29E00410A91 /* AddTV.swift */ = {isa = PBXFileReference; lastKnownFileType = sourcecode.swift; path = AddTV.swift; sourceTree = "<group>"; };
		589B9D95237FC2A900410A91 /* AddCV.swift */ = {isa = PBXFileReference; lastKnownFileType = sourcecode.swift; path = AddCV.swift; sourceTree = "<group>"; };
		589D513C23B7F1CF004A3D11 /* LabelsNib.swift */ = {isa = PBXFileReference; lastKnownFileType = sourcecode.swift; path = LabelsNib.swift; sourceTree = "<group>"; };
		589D513D23B7F1CF004A3D11 /* LabelsNib.xib */ = {isa = PBXFileReference; lastKnownFileType = file.xib; path = LabelsNib.xib; sourceTree = "<group>"; };
		58A001AB2385B11300662EB7 /* RecipeNova.xcdatamodel */ = {isa = PBXFileReference; lastKnownFileType = wrapper.xcdatamodel; path = RecipeNova.xcdatamodel; sourceTree = "<group>"; };
		58A141E523B972F500633043 /* OptionsVC.swift */ = {isa = PBXFileReference; lastKnownFileType = sourcecode.swift; path = OptionsVC.swift; sourceTree = "<group>"; };
		58A141E723B9731000633043 /* OptionsNib.swift */ = {isa = PBXFileReference; lastKnownFileType = sourcecode.swift; path = OptionsNib.swift; sourceTree = "<group>"; };
		58A141E823B9731000633043 /* OptionsNib.xib */ = {isa = PBXFileReference; lastKnownFileType = file.xib; path = OptionsNib.xib; sourceTree = "<group>"; };
		58A2D9F12380E82F0017109D /* ImageHandler.swift */ = {isa = PBXFileReference; lastKnownFileType = sourcecode.swift; path = ImageHandler.swift; sourceTree = "<group>"; };
		58AAEEB523B692D8004B4D25 /* AVLTree.swift */ = {isa = PBXFileReference; lastKnownFileType = sourcecode.swift; path = AVLTree.swift; sourceTree = "<group>"; };
		58AAEEB723B6A00E004B4D25 /* MenuCVC.swift */ = {isa = PBXFileReference; lastKnownFileType = sourcecode.swift; path = MenuCVC.swift; sourceTree = "<group>"; };
		58BB39572381879B00167311 /* CartVC.swift */ = {isa = PBXFileReference; lastKnownFileType = sourcecode.swift; path = CartVC.swift; sourceTree = "<group>"; };
		58BB39592381899700167311 /* SaveLoadListHandler.swift */ = {isa = PBXFileReference; lastKnownFileType = sourcecode.swift; path = SaveLoadListHandler.swift; sourceTree = "<group>"; };
		58BB395B23818E6400167311 /* CartTV.swift */ = {isa = PBXFileReference; lastKnownFileType = sourcecode.swift; path = CartTV.swift; sourceTree = "<group>"; };
		58BB39692381978600167311 /* ListTV.swift */ = {isa = PBXFileReference; lastKnownFileType = sourcecode.swift; path = ListTV.swift; sourceTree = "<group>"; };
		58BB396D2381A2F800167311 /* TextFieldNib.swift */ = {isa = PBXFileReference; lastKnownFileType = sourcecode.swift; path = TextFieldNib.swift; sourceTree = "<group>"; };
		58BB396E2381A2F800167311 /* TextFieldNib.xib */ = {isa = PBXFileReference; lastKnownFileType = file.xib; path = TextFieldNib.xib; sourceTree = "<group>"; };
		58CBE0B72380DB6100191FF3 /* RecipeHandler.swift */ = {isa = PBXFileReference; lastKnownFileType = sourcecode.swift; path = RecipeHandler.swift; sourceTree = "<group>"; };
		58D8473123835863001640A3 /* Default-568h@2x.png */ = {isa = PBXFileReference; lastKnownFileType = image.png; path = "Default-568h@2x.png"; sourceTree = "<group>"; };
		58D9D900238110C800D394E9 /* SearchTV.swift */ = {isa = PBXFileReference; lastKnownFileType = sourcecode.swift; path = SearchTV.swift; sourceTree = "<group>"; };
		58F84C652381C7920053DE71 /* RecipeWidget.entitlements */ = {isa = PBXFileReference; lastKnownFileType = text.plist.entitlements; path = RecipeWidget.entitlements; sourceTree = "<group>"; };
		58FBC20126F68E19009C0AB5 /* Recipe Nova.entitlements */ = {isa = PBXFileReference; fileEncoding = 4; lastKnownFileType = text.plist.entitlements; path = "Recipe Nova.entitlements"; sourceTree = "<group>"; };
		7A0592A17E677A6BC360063F /* Pods-Recipe Nova.release.xcconfig */ = {isa = PBXFileReference; includeInIndex = 1; lastKnownFileType = text.xcconfig; name = "Pods-Recipe Nova.release.xcconfig"; path = "Target Support Files/Pods-Recipe Nova/Pods-Recipe Nova.release.xcconfig"; sourceTree = "<group>"; };
		C513FF67E299A28B0E5BD60A /* Pods-Recipe.debug.xcconfig */ = {isa = PBXFileReference; includeInIndex = 1; lastKnownFileType = text.xcconfig; name = "Pods-Recipe.debug.xcconfig"; path = "Target Support Files/Pods-Recipe/Pods-Recipe.debug.xcconfig"; sourceTree = "<group>"; };
		E359D1106EEB02A51DA655B7 /* Pods-Recipe Nova.debug.xcconfig */ = {isa = PBXFileReference; includeInIndex = 1; lastKnownFileType = text.xcconfig; name = "Pods-Recipe Nova.debug.xcconfig"; path = "Target Support Files/Pods-Recipe Nova/Pods-Recipe Nova.debug.xcconfig"; sourceTree = "<group>"; };
/* End PBXFileReference section */

/* Begin PBXFrameworksBuildPhase section */
		5853C35D2381AE5D004DBA7A /* Frameworks */ = {
			isa = PBXFrameworksBuildPhase;
			buildActionMask = 2147483647;
			files = (
				5853C3632381AE5D004DBA7A /* NotificationCenter.framework in Frameworks */,
			);
			runOnlyForDeploymentPostprocessing = 0;
		};
		587DC6F2237F98AF0074891E /* Frameworks */ = {
			isa = PBXFrameworksBuildPhase;
			buildActionMask = 2147483647;
			files = (
			);
			runOnlyForDeploymentPostprocessing = 0;
		};
/* End PBXFrameworksBuildPhase section */

/* Begin PBXGroup section */
		5830857523BD3E67007E13F9 /* SplashImage */ = {
			isa = PBXGroup;
			children = (
				5830857323BD3E62007E13F9 /* Splash.png */,
			);
			path = SplashImage;
			sourceTree = "<group>";
		};
		5853C3612381AE5D004DBA7A /* Frameworks */ = {
			isa = PBXGroup;
			children = (
				5853C3622381AE5D004DBA7A /* NotificationCenter.framework */,
			);
			name = Frameworks;
			sourceTree = "<group>";
		};
		5853C3642381AE5D004DBA7A /* RecipeWidget */ = {
			isa = PBXGroup;
			children = (
				58F84C652381C7920053DE71 /* RecipeWidget.entitlements */,
				5853C3652381AE5D004DBA7A /* TodayViewController.swift */,
				5853C3672381AE5D004DBA7A /* MainInterface.storyboard */,
				5853C36A2381AE5D004DBA7A /* Info.plist */,
			);
			path = RecipeWidget;
			sourceTree = "<group>";
		};
		587DC6EC237F98AF0074891E = {
			isa = PBXGroup;
			children = (
				58D8473123835863001640A3 /* Default-568h@2x.png */,
				587DC6F7237F98AF0074891E /* Recipe Nova */,
				5853C3642381AE5D004DBA7A /* RecipeWidget */,
				5853C3612381AE5D004DBA7A /* Frameworks */,
				587DC6F6237F98AF0074891E /* Products */,
				C2E0DF531CC2A26A3E37BD61 /* Pods */,
			);
			sourceTree = "<group>";
		};
		587DC6F6237F98AF0074891E /* Products */ = {
			isa = PBXGroup;
			children = (
				587DC6F5237F98AF0074891E /* دستور آشپزی.app */,
				5853C3602381AE5D004DBA7A /* سبد خرید.appex */,
			);
			name = Products;
			sourceTree = "<group>";
		};
		587DC6F7237F98AF0074891E /* Recipe Nova */ = {
			isa = PBXGroup;
			children = (
				58FBC20126F68E19009C0AB5 /* Recipe Nova.entitlements */,
				5830857523BD3E67007E13F9 /* SplashImage */,
				589B9D60237F993D00410A91 /* Nibs */,
				58863CDF23825627005A7EC8 /* Menu */,
				58863CE223825A0F005A7EC8 /* Theme */,
				589B9D61237F995600410A91 /* Home */,
				58BB39562381877700167311 /* Cart */,
				58BB39682381976B00167311 /* List */,
				58D9D8FF2381102D00D394E9 /* Search */,
				589B9D82237FB78F00410A91 /* Recipes */,
				589B9D89237FBD5500410A91 /* Recipe */,
				589B9D8A237FBD6500410A91 /* AddRecipe */,
				58863CE723825DA2005A7EC8 /* Settings */,
				58A141E423B972B800633043 /* Options */,
				587DC6FE237F98AF0074891E /* Main.storyboard */,
				587DC704237F98B00074891E /* Assets.xcassets */,
				589B9D67237F998500410A91 /* Theme.xcassets */,
				587DC706237F98B00074891E /* LaunchScreen.storyboard */,
				587DC709237F98B00074891E /* Info.plist */,
				58A001AA2385B11300662EB7 /* RecipeNova.xcdatamodeld */,
				587DC6F8237F98AF0074891E /* AppDelegate.swift */,
				5897613E2386340B00F4C326 /* SceneDelegate.swift */,
				589B9D62237F995E00410A91 /* MC */,
			);
			path = "Recipe Nova";
			sourceTree = "<group>";
		};
		5882307E2380752300B0B566 /* Name */ = {
			isa = PBXGroup;
			children = (
				588230812380756400B0B566 /* AddName.swift */,
			);
			path = Name;
			sourceTree = "<group>";
		};
		5882307F2380752900B0B566 /* Ingredients */ = {
			isa = PBXGroup;
			children = (
				588230852380846D00B0B566 /* AddIngredients.swift */,
			);
			path = Ingredients;
			sourceTree = "<group>";
		};
		588230802380753100B0B566 /* Directions */ = {
			isa = PBXGroup;
			children = (
				588230872380847600B0B566 /* AddDirections.swift */,
			);
			path = Directions;
			sourceTree = "<group>";
		};
		58863CDF23825627005A7EC8 /* Menu */ = {
			isa = PBXGroup;
			children = (
				58AAEEB723B6A00E004B4D25 /* MenuCVC.swift */,
			);
			path = Menu;
			sourceTree = "<group>";
		};
		58863CE223825A0F005A7EC8 /* Theme */ = {
			isa = PBXGroup;
			children = (
				58863CE323825A1E005A7EC8 /* ThemeCV.swift */,
				58863CE423825A1E005A7EC8 /* ThemeCVC.swift */,
			);
			path = Theme;
			sourceTree = "<group>";
		};
		58863CE723825DA2005A7EC8 /* Settings */ = {
			isa = PBXGroup;
			children = (
				58863CE82382618C005A7EC8 /* SettingsTV.swift */,
				58863CEA23826892005A7EC8 /* LanguageTV.swift */,
				588B029E23846DC20091E427 /* PrivacyVC.swift */,
			);
			path = Settings;
			sourceTree = "<group>";
		};
		589B9D60237F993D00410A91 /* Nibs */ = {
			isa = PBXGroup;
			children = (
				5881B7B723BD0FA900023E07 /* LabelWCircleSNib.swift */,
				5881B7B823BD0FA900023E07 /* LabelWCircleSNib.xib */,
				58BB396D2381A2F800167311 /* TextFieldNib.swift */,
				58BB396E2381A2F800167311 /* TextFieldNib.xib */,
				589D513C23B7F1CF004A3D11 /* LabelsNib.swift */,
				589D513D23B7F1CF004A3D11 /* LabelsNib.xib */,
				5881B7BC23BD10E300023E07 /* LabelNib.swift */,
				5881B7BB23BD10E300023E07 /* LabelNib.xib */,
			);
			path = Nibs;
			sourceTree = "<group>";
		};
		589B9D61237F995600410A91 /* Home */ = {
			isa = PBXGroup;
			children = (
				589B9D6A237F999000410A91 /* HomeVC.swift */,
				589B9D6B237F999000410A91 /* HomeTV.swift */,
				588B02A4238478920091E427 /* BackUpH.swift */,
				58773ACA2384D4D6009718BC /* DeleteHandler.swift */,
			);
			path = Home;
			sourceTree = "<group>";
		};
		589B9D62237F995E00410A91 /* MC */ = {
			isa = PBXGroup;
			children = (
				589B9D7E237F9E2800410A91 /* SaveAndDeleteHandler */,
				589B9D79237F9B3E00410A91 /* CustomObjects */,
				589B9D78237F9B2B00410A91 /* ModelAndExtensions */,
			);
			path = MC;
			sourceTree = "<group>";
		};
		589B9D78237F9B2B00410A91 /* ModelAndExtensions */ = {
			isa = PBXGroup;
			children = (
				58AAEEB523B692D8004B4D25 /* AVLTree.swift */,
				5860B95223B6F1910017C1E6 /* Tries.swift */,
				589B9D63237F996E00410A91 /* Model.swift */,
				589B9D64237F996E00410A91 /* Extensions.swift */,
			);
			path = ModelAndExtensions;
			sourceTree = "<group>";
		};
		589B9D79237F9B3E00410A91 /* CustomObjects */ = {
			isa = PBXGroup;
			children = (
				5881414023B82C9800B515D0 /* PinterestLayout.swift */,
				589B9D73237F9B2000410A91 /* CustomSwitch.swift */,
				589B9D7A237F9BA400410A91 /* CustomThumbView.swift */,
				589B9D74237F9B2000410A91 /* CustomUITextField.swift */,
				589B9D7C237F9BB200410A91 /* MessageAnimation.swift */,
				589B9D72237F9B2000410A91 /* NetworkReachability.swift */,
				5881B7BF23BD28A200023E07 /* CustomDraw.swift */,
			);
			path = CustomObjects;
			sourceTree = "<group>";
		};
		589B9D7E237F9E2800410A91 /* SaveAndDeleteHandler */ = {
			isa = PBXGroup;
			children = (
				589B9D7F237F9E9B00410A91 /* SaveHandler.swift */,
				588230832380782D00B0B566 /* LoadHandler.swift */,
				58BB39592381899700167311 /* SaveLoadListHandler.swift */,
			);
			path = SaveAndDeleteHandler;
			sourceTree = "<group>";
		};
		589B9D82237FB78F00410A91 /* Recipes */ = {
			isa = PBXGroup;
			children = (
				589B9D85237FB8CD00410A91 /* RecipesVC.swift */,
				5881413E23B828D200B515D0 /* RecipeCollectionView.swift */,
				588B02A6238483EC0091E427 /* RecipesHandler.swift */,
			);
			path = Recipes;
			sourceTree = "<group>";
		};
		589B9D89237FBD5500410A91 /* Recipe */ = {
			isa = PBXGroup;
			children = (
				585E0F192380D53D00615080 /* RecipeVC.swift */,
				585E0F1B2380D5B100615080 /* RecipeTV.swift */,
				589B9D87237FB95100410A91 /* RecipeCV.swift */,
				58CBE0B72380DB6100191FF3 /* RecipeHandler.swift */,
				58A2D9F02380E6A90017109D /* ImageHandler */,
			);
			path = Recipe;
			sourceTree = "<group>";
		};
		589B9D8A237FBD6500410A91 /* AddRecipe */ = {
			isa = PBXGroup;
			children = (
				589B9D91237FC20800410A91 /* AddVC.swift */,
				589B9D93237FC29E00410A91 /* AddTV.swift */,
				589B9D95237FC2A900410A91 /* AddCV.swift */,
				5871211C238067B800DC56E4 /* AddVCImageHandler.swift */,
				5882307E2380752300B0B566 /* Name */,
				5882307F2380752900B0B566 /* Ingredients */,
				588230802380753100B0B566 /* Directions */,
			);
			path = AddRecipe;
			sourceTree = "<group>";
		};
		58A141E423B972B800633043 /* Options */ = {
			isa = PBXGroup;
			children = (
				58A141E523B972F500633043 /* OptionsVC.swift */,
				58A141E723B9731000633043 /* OptionsNib.swift */,
				58A141E823B9731000633043 /* OptionsNib.xib */,
			);
			path = Options;
			sourceTree = "<group>";
		};
		58A2D9F02380E6A90017109D /* ImageHandler */ = {
			isa = PBXGroup;
			children = (
				58A2D9F12380E82F0017109D /* ImageHandler.swift */,
			);
			path = ImageHandler;
			sourceTree = "<group>";
		};
		58BB39562381877700167311 /* Cart */ = {
			isa = PBXGroup;
			children = (
				58BB39572381879B00167311 /* CartVC.swift */,
				58BB395B23818E6400167311 /* CartTV.swift */,
			);
			path = Cart;
			sourceTree = "<group>";
		};
		58BB39682381976B00167311 /* List */ = {
			isa = PBXGroup;
			children = (
				58BB39692381978600167311 /* ListTV.swift */,
				5853C35A2381AD3F004DBA7A /* ListHandler.swift */,
			);
			path = List;
			sourceTree = "<group>";
		};
		58D9D8FF2381102D00D394E9 /* Search */ = {
			isa = PBXGroup;
			children = (
				58D9D900238110C800D394E9 /* SearchTV.swift */,
			);
			path = Search;
			sourceTree = "<group>";
		};
		C2E0DF531CC2A26A3E37BD61 /* Pods */ = {
			isa = PBXGroup;
			children = (
				C513FF67E299A28B0E5BD60A /* Pods-Recipe.debug.xcconfig */,
				2DFFEE77FFF48576C9CC29A9 /* Pods-Recipe.release.xcconfig */,
				E359D1106EEB02A51DA655B7 /* Pods-Recipe Nova.debug.xcconfig */,
				7A0592A17E677A6BC360063F /* Pods-Recipe Nova.release.xcconfig */,
			);
			path = Pods;
			sourceTree = "<group>";
		};
/* End PBXGroup section */

/* Begin PBXNativeTarget section */
		5853C35F2381AE5D004DBA7A /* Recipe */ = {
			isa = PBXNativeTarget;
			buildConfigurationList = 5853C36E2381AE5D004DBA7A /* Build configuration list for PBXNativeTarget "Recipe" */;
			buildPhases = (
				7DBA09AB3067E0064D8F82DF /* [CP] Check Pods Manifest.lock */,
				5853C35C2381AE5D004DBA7A /* Sources */,
				5853C35D2381AE5D004DBA7A /* Frameworks */,
				5853C35E2381AE5D004DBA7A /* Resources */,
				58FBC1FD26F68CBD009C0AB5 /* Embed Frameworks */,
			);
			buildRules = (
			);
			dependencies = (
			);
			name = Recipe;
			productName = RecipeWidget;
			productReference = 5853C3602381AE5D004DBA7A /* سبد خرید.appex */;
			productType = "com.apple.product-type.app-extension";
		};
		587DC6F4237F98AF0074891E /* Recipe Nova */ = {
			isa = PBXNativeTarget;
			buildConfigurationList = 587DC70C237F98B00074891E /* Build configuration list for PBXNativeTarget "Recipe Nova" */;
			buildPhases = (
				74AEEA2CA6AE8AABC140D520 /* [CP] Check Pods Manifest.lock */,
				587DC6F1237F98AF0074891E /* Sources */,
				587DC6F2237F98AF0074891E /* Frameworks */,
				587DC6F3237F98AF0074891E /* Resources */,
			);
			buildRules = (
			);
			dependencies = (
			);
			name = "Recipe Nova";
			productName = "دستور آشپزی";
			productReference = 587DC6F5237F98AF0074891E /* دستور آشپزی.app */;
			productType = "com.apple.product-type.application";
		};
/* End PBXNativeTarget section */

/* Begin PBXProject section */
		587DC6ED237F98AF0074891E /* Project object */ = {
			isa = PBXProject;
			attributes = {
				LastSwiftUpdateCheck = 1120;
				LastUpgradeCheck = 1120;
				ORGANIZATIONNAME = "Morteza Mirmehrabi";
				TargetAttributes = {
					5853C35F2381AE5D004DBA7A = {
						CreatedOnToolsVersion = 11.2.1;
					};
					587DC6F4237F98AF0074891E = {
						CreatedOnToolsVersion = 11.2;
					};
				};
			};
			buildConfigurationList = 587DC6F0237F98AF0074891E /* Build configuration list for PBXProject "Recipe Nova" */;
			compatibilityVersion = "Xcode 9.3";
			developmentRegion = en;
			hasScannedForEncodings = 0;
			knownRegions = (
				en,
				Base,
			);
			mainGroup = 587DC6EC237F98AF0074891E;
			productRefGroup = 587DC6F6237F98AF0074891E /* Products */;
			projectDirPath = "";
			projectRoot = "";
			targets = (
				587DC6F4237F98AF0074891E /* Recipe Nova */,
				5853C35F2381AE5D004DBA7A /* Recipe */,
			);
		};
/* End PBXProject section */

/* Begin PBXResourcesBuildPhase section */
		5853C35E2381AE5D004DBA7A /* Resources */ = {
			isa = PBXResourcesBuildPhase;
			buildActionMask = 2147483647;
			files = (
				5853C3692381AE5D004DBA7A /* MainInterface.storyboard in Resources */,
			);
			runOnlyForDeploymentPostprocessing = 0;
		};
		587DC6F3237F98AF0074891E /* Resources */ = {
			isa = PBXResourcesBuildPhase;
			buildActionMask = 2147483647;
			files = (
				58D8473223835863001640A3 /* Default-568h@2x.png in Resources */,
				589D513F23B7F1CF004A3D11 /* LabelsNib.xib in Resources */,
				587DC708237F98B00074891E /* LaunchScreen.storyboard in Resources */,
				58BB39702381A2F800167311 /* TextFieldNib.xib in Resources */,
				5830857423BD3E62007E13F9 /* Splash.png in Resources */,
				58A141EA23B9731000633043 /* OptionsNib.xib in Resources */,
				5881B7BA23BD0FA900023E07 /* LabelWCircleSNib.xib in Resources */,
				589B9D68237F998500410A91 /* Theme.xcassets in Resources */,
				5881B7BD23BD10E300023E07 /* LabelNib.xib in Resources */,
				587DC705237F98B00074891E /* Assets.xcassets in Resources */,
				587DC700237F98AF0074891E /* Main.storyboard in Resources */,
			);
			runOnlyForDeploymentPostprocessing = 0;
		};
/* End PBXResourcesBuildPhase section */

/* Begin PBXShellScriptBuildPhase section */
		74AEEA2CA6AE8AABC140D520 /* [CP] Check Pods Manifest.lock */ = {
			isa = PBXShellScriptBuildPhase;
			buildActionMask = 2147483647;
			files = (
			);
			inputFileListPaths = (
			);
			inputPaths = (
				"${PODS_PODFILE_DIR_PATH}/Podfile.lock",
				"${PODS_ROOT}/Manifest.lock",
			);
			name = "[CP] Check Pods Manifest.lock";
			outputFileListPaths = (
			);
			outputPaths = (
				"$(DERIVED_FILE_DIR)/Pods-Recipe Nova-checkManifestLockResult.txt",
			);
			runOnlyForDeploymentPostprocessing = 0;
			shellPath = /bin/sh;
			shellScript = "diff \"${PODS_PODFILE_DIR_PATH}/Podfile.lock\" \"${PODS_ROOT}/Manifest.lock\" > /dev/null\nif [ $? != 0 ] ; then\n    # print error to STDERR\n    echo \"error: The sandbox is not in sync with the Podfile.lock. Run 'pod install' or update your CocoaPods installation.\" >&2\n    exit 1\nfi\n# This output is used by Xcode 'outputs' to avoid re-running this script phase.\necho \"SUCCESS\" > \"${SCRIPT_OUTPUT_FILE_0}\"\n";
			showEnvVarsInLog = 0;
		};
		7DBA09AB3067E0064D8F82DF /* [CP] Check Pods Manifest.lock */ = {
			isa = PBXShellScriptBuildPhase;
			buildActionMask = 2147483647;
			files = (
			);
			inputFileListPaths = (
			);
			inputPaths = (
				"${PODS_PODFILE_DIR_PATH}/Podfile.lock",
				"${PODS_ROOT}/Manifest.lock",
			);
			name = "[CP] Check Pods Manifest.lock";
			outputFileListPaths = (
			);
			outputPaths = (
				"$(DERIVED_FILE_DIR)/Pods-Recipe-checkManifestLockResult.txt",
			);
			runOnlyForDeploymentPostprocessing = 0;
			shellPath = /bin/sh;
			shellScript = "diff \"${PODS_PODFILE_DIR_PATH}/Podfile.lock\" \"${PODS_ROOT}/Manifest.lock\" > /dev/null\nif [ $? != 0 ] ; then\n    # print error to STDERR\n    echo \"error: The sandbox is not in sync with the Podfile.lock. Run 'pod install' or update your CocoaPods installation.\" >&2\n    exit 1\nfi\n# This output is used by Xcode 'outputs' to avoid re-running this script phase.\necho \"SUCCESS\" > \"${SCRIPT_OUTPUT_FILE_0}\"\n";
			showEnvVarsInLog = 0;
		};
/* End PBXShellScriptBuildPhase section */

/* Begin PBXSourcesBuildPhase section */
		5853C35C2381AE5D004DBA7A /* Sources */ = {
			isa = PBXSourcesBuildPhase;
			buildActionMask = 2147483647;
			files = (
				5853C3662381AE5D004DBA7A /* TodayViewController.swift in Sources */,
			);
			runOnlyForDeploymentPostprocessing = 0;
		};
		587DC6F1237F98AF0074891E /* Sources */ = {
			isa = PBXSourcesBuildPhase;
			buildActionMask = 2147483647;
			files = (
				5881B7BE23BD10E300023E07 /* LabelNib.swift in Sources */,
				589B9D75237F9B2000410A91 /* NetworkReachability.swift in Sources */,
				589B9D65237F996E00410A91 /* Model.swift in Sources */,
				585E0F1C2380D5B100615080 /* RecipeTV.swift in Sources */,
				58A141E623B972F500633043 /* OptionsVC.swift in Sources */,
				589B9D76237F9B2000410A91 /* CustomSwitch.swift in Sources */,
				589B9D6D237F999000410A91 /* HomeVC.swift in Sources */,
				58BB395A2381899700167311 /* SaveLoadListHandler.swift in Sources */,
				585E0F1A2380D53D00615080 /* RecipeVC.swift in Sources */,
				58A141E923B9731000633043 /* OptionsNib.swift in Sources */,
				5881B7B923BD0FA900023E07 /* LabelWCircleSNib.swift in Sources */,
				5881413F23B828D200B515D0 /* RecipeCollectionView.swift in Sources */,
				58CBE0B82380DB6100191FF3 /* RecipeHandler.swift in Sources */,
				58773ACB2384D4D6009718BC /* DeleteHandler.swift in Sources */,
				58D9D901238110C800D394E9 /* SearchTV.swift in Sources */,
				58863CEB23826892005A7EC8 /* LanguageTV.swift in Sources */,
				588230842380782D00B0B566 /* LoadHandler.swift in Sources */,
				589B9D7D237F9BB200410A91 /* MessageAnimation.swift in Sources */,
				5881414123B82C9800B515D0 /* PinterestLayout.swift in Sources */,
				589B9D88237FB95100410A91 /* RecipeCV.swift in Sources */,
				5881B7C023BD28A200023E07 /* CustomDraw.swift in Sources */,
				589B9D77237F9B2000410A91 /* CustomUITextField.swift in Sources */,
				589B9D86237FB8CD00410A91 /* RecipesVC.swift in Sources */,
				58AAEEB823B6A00E004B4D25 /* MenuCVC.swift in Sources */,
				58863CE92382618C005A7EC8 /* SettingsTV.swift in Sources */,
				589B9D66237F996E00410A91 /* Extensions.swift in Sources */,
				588230862380846D00B0B566 /* AddIngredients.swift in Sources */,
				58863CE623825A1E005A7EC8 /* ThemeCVC.swift in Sources */,
				589B9D6E237F999000410A91 /* HomeTV.swift in Sources */,
				589B9D92237FC20800410A91 /* AddVC.swift in Sources */,
				58863CE523825A1E005A7EC8 /* ThemeCV.swift in Sources */,
				5871211D238067B800DC56E4 /* AddVCImageHandler.swift in Sources */,
				58BB396F2381A2F800167311 /* TextFieldNib.swift in Sources */,
				589B9D80237F9E9B00410A91 /* SaveHandler.swift in Sources */,
				588230822380756400B0B566 /* AddName.swift in Sources */,
				58BB39582381879B00167311 /* CartVC.swift in Sources */,
				58BB396A2381978600167311 /* ListTV.swift in Sources */,
				589B9D96237FC2A900410A91 /* AddCV.swift in Sources */,
				589D513E23B7F1CF004A3D11 /* LabelsNib.swift in Sources */,
				58AAEEB623B692D8004B4D25 /* AVLTree.swift in Sources */,
				58A2D9F22380E82F0017109D /* ImageHandler.swift in Sources */,
				589B9D94237FC29E00410A91 /* AddTV.swift in Sources */,
				589B9D7B237F9BA400410A91 /* CustomThumbView.swift in Sources */,
				587DC6F9237F98AF0074891E /* AppDelegate.swift in Sources */,
				58BB395C23818E6400167311 /* CartTV.swift in Sources */,
				5860B95323B6F1910017C1E6 /* Tries.swift in Sources */,
				5853C35B2381AD3F004DBA7A /* ListHandler.swift in Sources */,
				588B02A5238478920091E427 /* BackUpH.swift in Sources */,
				5897613F2386340B00F4C326 /* SceneDelegate.swift in Sources */,
				588230882380847600B0B566 /* AddDirections.swift in Sources */,
				588B02A7238483EC0091E427 /* RecipesHandler.swift in Sources */,
				588B029F23846DC20091E427 /* PrivacyVC.swift in Sources */,
				58A001AC2385B11300662EB7 /* RecipeNova.xcdatamodeld in Sources */,
			);
			runOnlyForDeploymentPostprocessing = 0;
		};
/* End PBXSourcesBuildPhase section */

/* Begin PBXVariantGroup section */
		5853C3672381AE5D004DBA7A /* MainInterface.storyboard */ = {
			isa = PBXVariantGroup;
			children = (
				5853C3682381AE5D004DBA7A /* Base */,
			);
			name = MainInterface.storyboard;
			sourceTree = "<group>";
		};
		587DC6FE237F98AF0074891E /* Main.storyboard */ = {
			isa = PBXVariantGroup;
			children = (
				587DC6FF237F98AF0074891E /* Base */,
			);
			name = Main.storyboard;
			sourceTree = "<group>";
		};
		587DC706237F98B00074891E /* LaunchScreen.storyboard */ = {
			isa = PBXVariantGroup;
			children = (
				587DC707237F98B00074891E /* Base */,
			);
			name = LaunchScreen.storyboard;
			sourceTree = "<group>";
		};
/* End PBXVariantGroup section */

/* Begin XCBuildConfiguration section */
		5853C36F2381AE5D004DBA7A /* Debug */ = {
			isa = XCBuildConfiguration;
			baseConfigurationReference = C513FF67E299A28B0E5BD60A /* Pods-Recipe.debug.xcconfig */;
			buildSettings = {
				CODE_SIGN_ENTITLEMENTS = RecipeWidget/RecipeWidget.entitlements;
				CODE_SIGN_STYLE = Automatic;
				CURRENT_PROJECT_VERSION = 1;
				DEVELOPMENT_TEAM = EXG8QZR967;
				INFOPLIST_FILE = RecipeWidget/Info.plist;
				LD_RUNPATH_SEARCH_PATHS = (
					"$(inherited)",
					"@executable_path/Frameworks",
					"@executable_path/../../Frameworks",
				);
				MARKETING_VERSION = 1;
				PRODUCT_BUNDLE_IDENTIFIER = NeuralSilicon.Widget;
				PRODUCT_NAME = "سبد خرید";
				SKIP_INSTALL = YES;
				SWIFT_VERSION = 5.0;
				TARGETED_DEVICE_FAMILY = 1;
			};
			name = Debug;
		};
		5853C3702381AE5D004DBA7A /* Release */ = {
			isa = XCBuildConfiguration;
			baseConfigurationReference = 2DFFEE77FFF48576C9CC29A9 /* Pods-Recipe.release.xcconfig */;
			buildSettings = {
				CODE_SIGN_ENTITLEMENTS = RecipeWidget/RecipeWidget.entitlements;
				CODE_SIGN_STYLE = Automatic;
				CURRENT_PROJECT_VERSION = 1;
				DEVELOPMENT_TEAM = EXG8QZR967;
				INFOPLIST_FILE = RecipeWidget/Info.plist;
				LD_RUNPATH_SEARCH_PATHS = (
					"$(inherited)",
					"@executable_path/Frameworks",
					"@executable_path/../../Frameworks",
				);
				MARKETING_VERSION = 1;
				PRODUCT_BUNDLE_IDENTIFIER = NeuralSilicon.Widget;
				PRODUCT_NAME = "سبد خرید";
				SKIP_INSTALL = YES;
				SWIFT_VERSION = 5.0;
				TARGETED_DEVICE_FAMILY = 1;
			};
			name = Release;
		};
		587DC70A237F98B00074891E /* Debug */ = {
			isa = XCBuildConfiguration;
			buildSettings = {
				ALWAYS_SEARCH_USER_PATHS = NO;
				CLANG_ANALYZER_NONNULL = YES;
				CLANG_ANALYZER_NUMBER_OBJECT_CONVERSION = YES_AGGRESSIVE;
				CLANG_CXX_LANGUAGE_STANDARD = "gnu++14";
				CLANG_CXX_LIBRARY = "libc++";
				CLANG_ENABLE_MODULES = YES;
				CLANG_ENABLE_OBJC_ARC = YES;
				CLANG_ENABLE_OBJC_WEAK = YES;
				CLANG_WARN_BLOCK_CAPTURE_AUTORELEASING = YES;
				CLANG_WARN_BOOL_CONVERSION = YES;
				CLANG_WARN_COMMA = YES;
				CLANG_WARN_CONSTANT_CONVERSION = YES;
				CLANG_WARN_DEPRECATED_OBJC_IMPLEMENTATIONS = YES;
				CLANG_WARN_DIRECT_OBJC_ISA_USAGE = YES_ERROR;
				CLANG_WARN_DOCUMENTATION_COMMENTS = YES;
				CLANG_WARN_EMPTY_BODY = YES;
				CLANG_WARN_ENUM_CONVERSION = YES;
				CLANG_WARN_INFINITE_RECURSION = YES;
				CLANG_WARN_INT_CONVERSION = YES;
				CLANG_WARN_NON_LITERAL_NULL_CONVERSION = YES;
				CLANG_WARN_OBJC_IMPLICIT_RETAIN_SELF = YES;
				CLANG_WARN_OBJC_LITERAL_CONVERSION = YES;
				CLANG_WARN_OBJC_ROOT_CLASS = YES_ERROR;
				CLANG_WARN_RANGE_LOOP_ANALYSIS = YES;
				CLANG_WARN_STRICT_PROTOTYPES = YES;
				CLANG_WARN_SUSPICIOUS_MOVE = YES;
				CLANG_WARN_UNGUARDED_AVAILABILITY = YES_AGGRESSIVE;
				CLANG_WARN_UNREACHABLE_CODE = YES;
				CLANG_WARN__DUPLICATE_METHOD_MATCH = YES;
				COPY_PHASE_STRIP = NO;
				DEBUG_INFORMATION_FORMAT = dwarf;
				ENABLE_STRICT_OBJC_MSGSEND = YES;
				ENABLE_TESTABILITY = YES;
				GCC_C_LANGUAGE_STANDARD = gnu11;
				GCC_DYNAMIC_NO_PIC = NO;
				GCC_NO_COMMON_BLOCKS = YES;
				GCC_OPTIMIZATION_LEVEL = 0;
				GCC_PREPROCESSOR_DEFINITIONS = (
					"DEBUG=1",
					"$(inherited)",
				);
				GCC_WARN_64_TO_32_BIT_CONVERSION = YES;
				GCC_WARN_ABOUT_RETURN_TYPE = YES_ERROR;
				GCC_WARN_UNDECLARED_SELECTOR = YES;
				GCC_WARN_UNINITIALIZED_AUTOS = YES_AGGRESSIVE;
				GCC_WARN_UNUSED_FUNCTION = YES;
				GCC_WARN_UNUSED_VARIABLE = YES;
				IPHONEOS_DEPLOYMENT_TARGET = 13.2;
				MTL_ENABLE_DEBUG_INFO = INCLUDE_SOURCE;
				MTL_FAST_MATH = YES;
				ONLY_ACTIVE_ARCH = YES;
				SDKROOT = iphoneos;
				SWIFT_ACTIVE_COMPILATION_CONDITIONS = DEBUG;
				SWIFT_OPTIMIZATION_LEVEL = "-Onone";
			};
			name = Debug;
		};
		587DC70B237F98B00074891E /* Release */ = {
			isa = XCBuildConfiguration;
			buildSettings = {
				ALWAYS_SEARCH_USER_PATHS = NO;
				CLANG_ANALYZER_NONNULL = YES;
				CLANG_ANALYZER_NUMBER_OBJECT_CONVERSION = YES_AGGRESSIVE;
				CLANG_CXX_LANGUAGE_STANDARD = "gnu++14";
				CLANG_CXX_LIBRARY = "libc++";
				CLANG_ENABLE_MODULES = YES;
				CLANG_ENABLE_OBJC_ARC = YES;
				CLANG_ENABLE_OBJC_WEAK = YES;
				CLANG_WARN_BLOCK_CAPTURE_AUTORELEASING = YES;
				CLANG_WARN_BOOL_CONVERSION = YES;
				CLANG_WARN_COMMA = YES;
				CLANG_WARN_CONSTANT_CONVERSION = YES;
				CLANG_WARN_DEPRECATED_OBJC_IMPLEMENTATIONS = YES;
				CLANG_WARN_DIRECT_OBJC_ISA_USAGE = YES_ERROR;
				CLANG_WARN_DOCUMENTATION_COMMENTS = YES;
				CLANG_WARN_EMPTY_BODY = YES;
				CLANG_WARN_ENUM_CONVERSION = YES;
				CLANG_WARN_INFINITE_RECURSION = YES;
				CLANG_WARN_INT_CONVERSION = YES;
				CLANG_WARN_NON_LITERAL_NULL_CONVERSION = YES;
				CLANG_WARN_OBJC_IMPLICIT_RETAIN_SELF = YES;
				CLANG_WARN_OBJC_LITERAL_CONVERSION = YES;
				CLANG_WARN_OBJC_ROOT_CLASS = YES_ERROR;
				CLANG_WARN_RANGE_LOOP_ANALYSIS = YES;
				CLANG_WARN_STRICT_PROTOTYPES = YES;
				CLANG_WARN_SUSPICIOUS_MOVE = YES;
				CLANG_WARN_UNGUARDED_AVAILABILITY = YES_AGGRESSIVE;
				CLANG_WARN_UNREACHABLE_CODE = YES;
				CLANG_WARN__DUPLICATE_METHOD_MATCH = YES;
				COPY_PHASE_STRIP = NO;
				DEBUG_INFORMATION_FORMAT = "dwarf-with-dsym";
				ENABLE_NS_ASSERTIONS = NO;
				ENABLE_STRICT_OBJC_MSGSEND = YES;
				GCC_C_LANGUAGE_STANDARD = gnu11;
				GCC_NO_COMMON_BLOCKS = YES;
				GCC_WARN_64_TO_32_BIT_CONVERSION = YES;
				GCC_WARN_ABOUT_RETURN_TYPE = YES_ERROR;
				GCC_WARN_UNDECLARED_SELECTOR = YES;
				GCC_WARN_UNINITIALIZED_AUTOS = YES_AGGRESSIVE;
				GCC_WARN_UNUSED_FUNCTION = YES;
				GCC_WARN_UNUSED_VARIABLE = YES;
				IPHONEOS_DEPLOYMENT_TARGET = 13.2;
				MTL_ENABLE_DEBUG_INFO = NO;
				MTL_FAST_MATH = YES;
				SDKROOT = iphoneos;
				SWIFT_COMPILATION_MODE = wholemodule;
				SWIFT_OPTIMIZATION_LEVEL = "-O";
				VALIDATE_PRODUCT = YES;
			};
			name = Release;
		};
		587DC70D237F98B00074891E /* Debug */ = {
			isa = XCBuildConfiguration;
			baseConfigurationReference = E359D1106EEB02A51DA655B7 /* Pods-Recipe Nova.debug.xcconfig */;
			buildSettings = {
				ASSETCATALOG_COMPILER_APPICON_NAME = AppIcon;
				CODE_SIGN_ENTITLEMENTS = "Recipe Nova/Recipe Nova.entitlements";
				CODE_SIGN_IDENTITY = "Apple Development";
				CODE_SIGN_STYLE = Automatic;
				CURRENT_PROJECT_VERSION = 1;
				DEVELOPMENT_TEAM = EXG8QZR967;
				INFOPLIST_FILE = "$(SRCROOT)/Recipe Nova/Info.plist";
				IPHONEOS_DEPLOYMENT_TARGET = 13.0;
				LD_RUNPATH_SEARCH_PATHS = (
					"$(inherited)",
					"@executable_path/Frameworks",
				);
				MARKETING_VERSION = 1;
				PRODUCT_BUNDLE_IDENTIFIER = NeuralSilicon.RecipeNova;
				PRODUCT_NAME = "دستور آشپزی";
				PROVISIONING_PROFILE_SPECIFIER = "";
				SWIFT_VERSION = 5.0;
				TARGETED_DEVICE_FAMILY = 1;
			};
			name = Debug;
		};
		587DC70E237F98B00074891E /* Release */ = {
			isa = XCBuildConfiguration;
			baseConfigurationReference = 7A0592A17E677A6BC360063F /* Pods-Recipe Nova.release.xcconfig */;
			buildSettings = {
				ASSETCATALOG_COMPILER_APPICON_NAME = AppIcon;
				CODE_SIGN_ENTITLEMENTS = "Recipe Nova/Recipe Nova.entitlements";
				CODE_SIGN_IDENTITY = "Apple Development";
				CODE_SIGN_STYLE = Automatic;
				CURRENT_PROJECT_VERSION = 1;
				DEVELOPMENT_TEAM = EXG8QZR967;
				INFOPLIST_FILE = "$(SRCROOT)/Recipe Nova/Info.plist";
				IPHONEOS_DEPLOYMENT_TARGET = 13.0;
				LD_RUNPATH_SEARCH_PATHS = (
					"$(inherited)",
					"@executable_path/Frameworks",
				);
				MARKETING_VERSION = 1;
				PRODUCT_BUNDLE_IDENTIFIER = NeuralSilicon.RecipeNova;
				PRODUCT_NAME = "دستور آشپزی";
				PROVISIONING_PROFILE_SPECIFIER = "";
				SWIFT_VERSION = 5.0;
				TARGETED_DEVICE_FAMILY = 1;
			};
			name = Release;
		};
/* End XCBuildConfiguration section */

/* Begin XCConfigurationList section */
		5853C36E2381AE5D004DBA7A /* Build configuration list for PBXNativeTarget "Recipe" */ = {
			isa = XCConfigurationList;
			buildConfigurations = (
				5853C36F2381AE5D004DBA7A /* Debug */,
				5853C3702381AE5D004DBA7A /* Release */,
			);
			defaultConfigurationIsVisible = 0;
			defaultConfigurationName = Release;
		};
		587DC6F0237F98AF0074891E /* Build configuration list for PBXProject "Recipe Nova" */ = {
			isa = XCConfigurationList;
			buildConfigurations = (
				587DC70A237F98B00074891E /* Debug */,
				587DC70B237F98B00074891E /* Release */,
			);
			defaultConfigurationIsVisible = 0;
			defaultConfigurationName = Release;
		};
		587DC70C237F98B00074891E /* Build configuration list for PBXNativeTarget "Recipe Nova" */ = {
			isa = XCConfigurationList;
			buildConfigurations = (
				587DC70D237F98B00074891E /* Debug */,
				587DC70E237F98B00074891E /* Release */,
			);
			defaultConfigurationIsVisible = 0;
			defaultConfigurationName = Release;
		};
/* End XCConfigurationList section */

/* Begin XCVersionGroup section */
		58A001AA2385B11300662EB7 /* RecipeNova.xcdatamodeld */ = {
			isa = XCVersionGroup;
			children = (
				58A001AB2385B11300662EB7 /* RecipeNova.xcdatamodel */,
			);
			currentVersion = 58A001AB2385B11300662EB7 /* RecipeNova.xcdatamodel */;
			path = RecipeNova.xcdatamodeld;
			sourceTree = "<group>";
			versionGroupType = wrapper.xcdatamodel;
		};
/* End XCVersionGroup section */
	};
	rootObject = 587DC6ED237F98AF0074891E /* Project object */;
}
